// !$*UTF8*$!
{
	archiveVersion = 1;
	classes = {
	};
	objectVersion = 46;
	objects = {

/* Begin PBXBuildFile section */
		95BA99001D8C6F73005905FB /* BikeStationFinderTests.swift in Sources */ = {isa = PBXBuildFile; fileRef = EA2840DE1D88159000BCE287 /* BikeStationFinderTests.swift */; };
		C554DDA81D887DAB00D75679 /* Assets.xcassets in Resources */ = {isa = PBXBuildFile; fileRef = C554DDA71D887DAB00D75679 /* Assets.xcassets */; };
		EA04C82B1D8839FB00C98C41 /* MapKit.framework in Frameworks */ = {isa = PBXBuildFile; fileRef = EA04C82A1D8839FB00C98C41 /* MapKit.framework */; };
		EA04C82D1D884FB800C98C41 /* BikeStationFinder.swift in Sources */ = {isa = PBXBuildFile; fileRef = EA04C82C1D884FB800C98C41 /* BikeStationFinder.swift */; };
		EA04C82F1D88528600C98C41 /* ViewController+BikeStationService.swift in Sources */ = {isa = PBXBuildFile; fileRef = EA04C82E1D88528600C98C41 /* ViewController+BikeStationService.swift */; };
		EA04C8311D8852DC00C98C41 /* ViewController+CLLocationManagerDelegate.swift in Sources */ = {isa = PBXBuildFile; fileRef = EA04C8301D8852DC00C98C41 /* ViewController+CLLocationManagerDelegate.swift */; };
		EA04C8331D8853B700C98C41 /* AlertUtilities.swift in Sources */ = {isa = PBXBuildFile; fileRef = EA04C8321D8853B700C98C41 /* AlertUtilities.swift */; };
		EA04C8351D88559900C98C41 /* MapsUtilities.swift in Sources */ = {isa = PBXBuildFile; fileRef = EA04C8341D88559900C98C41 /* MapsUtilities.swift */; };
		EA04C83A1D8864AD00C98C41 /* GoogleService-Info.plist in Resources */ = {isa = PBXBuildFile; fileRef = EA04C8391D8864AD00C98C41 /* GoogleService-Info.plist */; };
		EA04C83C1D887BDC00C98C41 /* Analytics.swift in Sources */ = {isa = PBXBuildFile; fileRef = EA04C83B1D887BDC00C98C41 /* Analytics.swift */; };
		EA04C8431D88894000C98C41 /* Interface.storyboard in Resources */ = {isa = PBXBuildFile; fileRef = EA04C8411D88894000C98C41 /* Interface.storyboard */; };
		EA04C8451D88894000C98C41 /* Assets.xcassets in Resources */ = {isa = PBXBuildFile; fileRef = EA04C8441D88894000C98C41 /* Assets.xcassets */; };
		EA04C84C1D88894000C98C41 /* FastBikeWatchOS Extension.appex in Embed App Extensions */ = {isa = PBXBuildFile; fileRef = EA04C84B1D88894000C98C41 /* FastBikeWatchOS Extension.appex */; settings = {ATTRIBUTES = (RemoveHeadersOnCopy, ); }; };
		EA04C8511D88894000C98C41 /* InterfaceController.swift in Sources */ = {isa = PBXBuildFile; fileRef = EA04C8501D88894000C98C41 /* InterfaceController.swift */; };
		EA04C8531D88894000C98C41 /* ExtensionDelegate.swift in Sources */ = {isa = PBXBuildFile; fileRef = EA04C8521D88894000C98C41 /* ExtensionDelegate.swift */; };
		EA04C8551D88894000C98C41 /* ComplicationController.swift in Sources */ = {isa = PBXBuildFile; fileRef = EA04C8541D88894000C98C41 /* ComplicationController.swift */; };
		EA04C8571D88894000C98C41 /* Assets.xcassets in Resources */ = {isa = PBXBuildFile; fileRef = EA04C8561D88894000C98C41 /* Assets.xcassets */; };
		EA04C85B1D88894000C98C41 /* FastBikeWatchOS.app in Embed Watch Content */ = {isa = PBXBuildFile; fileRef = EA04C83F1D88894000C98C41 /* FastBikeWatchOS.app */; };
		EA04C8651D88968600C98C41 /* MapKit.framework in Frameworks */ = {isa = PBXBuildFile; fileRef = EA04C8641D88968600C98C41 /* MapKit.framework */; };
		EA04C8661D889A1600C98C41 /* BikeStation.swift in Sources */ = {isa = PBXBuildFile; fileRef = EAC6A2F21D88255A0035A62A /* BikeStation.swift */; };
		EA04C8671D889B0200C98C41 /* BikeStationFinder.swift in Sources */ = {isa = PBXBuildFile; fileRef = EA04C82C1D884FB800C98C41 /* BikeStationFinder.swift */; };
		EA04C8681D889B6000C98C41 /* MapsUtilities.swift in Sources */ = {isa = PBXBuildFile; fileRef = EA04C8341D88559900C98C41 /* MapsUtilities.swift */; };
		EA04C86B1D889C0A00C98C41 /* InterfaceController+CLManagerDelegate.swift in Sources */ = {isa = PBXBuildFile; fileRef = EA04C86A1D889C0A00C98C41 /* InterfaceController+CLManagerDelegate.swift */; };
		EA04C86D1D889C7400C98C41 /* AlertUtilities.swift in Sources */ = {isa = PBXBuildFile; fileRef = EA04C86C1D889C7400C98C41 /* AlertUtilities.swift */; };
		EA2037B41D8943B70043DA05 /* ReportController.swift in Sources */ = {isa = PBXBuildFile; fileRef = EA2037B31D8943B70043DA05 /* ReportController.swift */; };
		EA2840CA1D88159000BCE287 /* AppDelegate.swift in Sources */ = {isa = PBXBuildFile; fileRef = EA2840C91D88159000BCE287 /* AppDelegate.swift */; };
		EA2840CC1D88159000BCE287 /* ViewController.swift in Sources */ = {isa = PBXBuildFile; fileRef = EA2840CB1D88159000BCE287 /* ViewController.swift */; };
		EA2840CF1D88159000BCE287 /* Main.storyboard in Resources */ = {isa = PBXBuildFile; fileRef = EA2840CD1D88159000BCE287 /* Main.storyboard */; };
		EA2840D41D88159000BCE287 /* LaunchScreen.storyboard in Resources */ = {isa = PBXBuildFile; fileRef = EA2840D21D88159000BCE287 /* LaunchScreen.storyboard */; };
		EA2840EA1D88159000BCE287 /* FastBikeUITests.swift in Sources */ = {isa = PBXBuildFile; fileRef = EA2840E91D88159000BCE287 /* FastBikeUITests.swift */; };
		EAC6A2F31D88255A0035A62A /* BikeStation.swift in Sources */ = {isa = PBXBuildFile; fileRef = EAC6A2F21D88255A0035A62A /* BikeStation.swift */; };
/* End PBXBuildFile section */

/* Begin PBXContainerItemProxy section */
		EA04C84D1D88894000C98C41 /* PBXContainerItemProxy */ = {
			isa = PBXContainerItemProxy;
			containerPortal = EA2840BE1D88159000BCE287 /* Project object */;
			proxyType = 1;
			remoteGlobalIDString = EA04C84A1D88894000C98C41;
			remoteInfo = "FastBikeWatchOS Extension";
		};
		EA04C8591D88894000C98C41 /* PBXContainerItemProxy */ = {
			isa = PBXContainerItemProxy;
			containerPortal = EA2840BE1D88159000BCE287 /* Project object */;
			proxyType = 1;
			remoteGlobalIDString = EA04C83E1D88894000C98C41;
			remoteInfo = FastBikeWatchOS;
		};
		EA2840DB1D88159000BCE287 /* PBXContainerItemProxy */ = {
			isa = PBXContainerItemProxy;
			containerPortal = EA2840BE1D88159000BCE287 /* Project object */;
			proxyType = 1;
			remoteGlobalIDString = EA2840C51D88159000BCE287;
			remoteInfo = FastBike;
		};
		EA2840E61D88159000BCE287 /* PBXContainerItemProxy */ = {
			isa = PBXContainerItemProxy;
			containerPortal = EA2840BE1D88159000BCE287 /* Project object */;
			proxyType = 1;
			remoteGlobalIDString = EA2840C51D88159000BCE287;
			remoteInfo = FastBike;
		};
/* End PBXContainerItemProxy section */

/* Begin PBXCopyFilesBuildPhase section */
		EA04C8611D88894000C98C41 /* Embed App Extensions */ = {
			isa = PBXCopyFilesBuildPhase;
			buildActionMask = 2147483647;
			dstPath = "";
			dstSubfolderSpec = 13;
			files = (
				EA04C84C1D88894000C98C41 /* FastBikeWatchOS Extension.appex in Embed App Extensions */,
			);
			name = "Embed App Extensions";
			runOnlyForDeploymentPostprocessing = 0;
		};
		EA04C8631D88894000C98C41 /* Embed Watch Content */ = {
			isa = PBXCopyFilesBuildPhase;
			buildActionMask = 2147483647;
			dstPath = "$(CONTENTS_FOLDER_PATH)/Watch";
			dstSubfolderSpec = 16;
			files = (
				EA04C85B1D88894000C98C41 /* FastBikeWatchOS.app in Embed Watch Content */,
			);
			name = "Embed Watch Content";
			runOnlyForDeploymentPostprocessing = 0;
		};
/* End PBXCopyFilesBuildPhase section */

/* Begin PBXFileReference section */
		C554DDA71D887DAB00D75679 /* Assets.xcassets */ = {isa = PBXFileReference; lastKnownFileType = folder.assetcatalog; path = Assets.xcassets; sourceTree = "<group>"; };
		EA04C82A1D8839FB00C98C41 /* MapKit.framework */ = {isa = PBXFileReference; lastKnownFileType = wrapper.framework; name = MapKit.framework; path = System/Library/Frameworks/MapKit.framework; sourceTree = SDKROOT; };
		EA04C82C1D884FB800C98C41 /* BikeStationFinder.swift */ = {isa = PBXFileReference; fileEncoding = 4; lastKnownFileType = sourcecode.swift; path = BikeStationFinder.swift; sourceTree = "<group>"; };
		EA04C82E1D88528600C98C41 /* ViewController+BikeStationService.swift */ = {isa = PBXFileReference; fileEncoding = 4; lastKnownFileType = sourcecode.swift; path = "ViewController+BikeStationService.swift"; sourceTree = "<group>"; };
		EA04C8301D8852DC00C98C41 /* ViewController+CLLocationManagerDelegate.swift */ = {isa = PBXFileReference; fileEncoding = 4; lastKnownFileType = sourcecode.swift; path = "ViewController+CLLocationManagerDelegate.swift"; sourceTree = "<group>"; };
		EA04C8321D8853B700C98C41 /* AlertUtilities.swift */ = {isa = PBXFileReference; fileEncoding = 4; lastKnownFileType = sourcecode.swift; path = AlertUtilities.swift; sourceTree = "<group>"; };
		EA04C8341D88559900C98C41 /* MapsUtilities.swift */ = {isa = PBXFileReference; fileEncoding = 4; lastKnownFileType = sourcecode.swift; path = MapsUtilities.swift; sourceTree = "<group>"; };
		EA04C8361D8863BC00C98C41 /* FastBike-Bridging-Header.h */ = {isa = PBXFileReference; lastKnownFileType = sourcecode.c.h; path = "FastBike-Bridging-Header.h"; sourceTree = "<group>"; };
		EA04C8391D8864AD00C98C41 /* GoogleService-Info.plist */ = {isa = PBXFileReference; fileEncoding = 4; lastKnownFileType = text.plist.xml; path = "GoogleService-Info.plist"; sourceTree = "<group>"; };
		EA04C83B1D887BDC00C98C41 /* Analytics.swift */ = {isa = PBXFileReference; fileEncoding = 4; lastKnownFileType = sourcecode.swift; path = Analytics.swift; sourceTree = "<group>"; };
		EA04C83F1D88894000C98C41 /* FastBikeWatchOS.app */ = {isa = PBXFileReference; explicitFileType = wrapper.application; includeInIndex = 0; path = FastBikeWatchOS.app; sourceTree = BUILT_PRODUCTS_DIR; };
		EA04C8421D88894000C98C41 /* Base */ = {isa = PBXFileReference; lastKnownFileType = file.storyboard; name = Base; path = Base.lproj/Interface.storyboard; sourceTree = "<group>"; };
		EA04C8441D88894000C98C41 /* Assets.xcassets */ = {isa = PBXFileReference; lastKnownFileType = folder.assetcatalog; path = Assets.xcassets; sourceTree = "<group>"; };
		EA04C8461D88894000C98C41 /* Info.plist */ = {isa = PBXFileReference; lastKnownFileType = text.plist.xml; path = Info.plist; sourceTree = "<group>"; };
		EA04C84B1D88894000C98C41 /* FastBikeWatchOS Extension.appex */ = {isa = PBXFileReference; explicitFileType = "wrapper.app-extension"; includeInIndex = 0; path = "FastBikeWatchOS Extension.appex"; sourceTree = BUILT_PRODUCTS_DIR; };
		EA04C8501D88894000C98C41 /* InterfaceController.swift */ = {isa = PBXFileReference; lastKnownFileType = sourcecode.swift; path = InterfaceController.swift; sourceTree = "<group>"; };
		EA04C8521D88894000C98C41 /* ExtensionDelegate.swift */ = {isa = PBXFileReference; lastKnownFileType = sourcecode.swift; path = ExtensionDelegate.swift; sourceTree = "<group>"; };
		EA04C8541D88894000C98C41 /* ComplicationController.swift */ = {isa = PBXFileReference; lastKnownFileType = sourcecode.swift; path = ComplicationController.swift; sourceTree = "<group>"; };
		EA04C8561D88894000C98C41 /* Assets.xcassets */ = {isa = PBXFileReference; lastKnownFileType = folder.assetcatalog; path = Assets.xcassets; sourceTree = "<group>"; };
		EA04C8581D88894000C98C41 /* Info.plist */ = {isa = PBXFileReference; lastKnownFileType = text.plist.xml; path = Info.plist; sourceTree = "<group>"; };
		EA04C8641D88968600C98C41 /* MapKit.framework */ = {isa = PBXFileReference; lastKnownFileType = wrapper.framework; name = MapKit.framework; path = Platforms/WatchOS.platform/Developer/SDKs/WatchOS3.0.sdk/System/Library/Frameworks/MapKit.framework; sourceTree = DEVELOPER_DIR; };
		EA04C86A1D889C0A00C98C41 /* InterfaceController+CLManagerDelegate.swift */ = {isa = PBXFileReference; fileEncoding = 4; lastKnownFileType = sourcecode.swift; path = "InterfaceController+CLManagerDelegate.swift"; sourceTree = "<group>"; };
		EA04C86C1D889C7400C98C41 /* AlertUtilities.swift */ = {isa = PBXFileReference; fileEncoding = 4; lastKnownFileType = sourcecode.swift; path = AlertUtilities.swift; sourceTree = "<group>"; };
		EA2037B31D8943B70043DA05 /* ReportController.swift */ = {isa = PBXFileReference; fileEncoding = 4; lastKnownFileType = sourcecode.swift; path = ReportController.swift; sourceTree = "<group>"; };
		EA2840C61D88159000BCE287 /* FastBike.app */ = {isa = PBXFileReference; explicitFileType = wrapper.application; includeInIndex = 0; path = FastBike.app; sourceTree = BUILT_PRODUCTS_DIR; };
		EA2840C91D88159000BCE287 /* AppDelegate.swift */ = {isa = PBXFileReference; lastKnownFileType = sourcecode.swift; path = AppDelegate.swift; sourceTree = "<group>"; };
		EA2840CB1D88159000BCE287 /* ViewController.swift */ = {isa = PBXFileReference; lastKnownFileType = sourcecode.swift; path = ViewController.swift; sourceTree = "<group>"; };
		EA2840CE1D88159000BCE287 /* Base */ = {isa = PBXFileReference; lastKnownFileType = file.storyboard; name = Base; path = Base.lproj/Main.storyboard; sourceTree = "<group>"; };
		EA2840D31D88159000BCE287 /* Base */ = {isa = PBXFileReference; lastKnownFileType = file.storyboard; name = Base; path = Base.lproj/LaunchScreen.storyboard; sourceTree = "<group>"; };
		EA2840D51D88159000BCE287 /* Info.plist */ = {isa = PBXFileReference; lastKnownFileType = text.plist.xml; path = Info.plist; sourceTree = "<group>"; };
		EA2840DA1D88159000BCE287 /* FastBikeTests.xctest */ = {isa = PBXFileReference; explicitFileType = wrapper.cfbundle; includeInIndex = 0; path = FastBikeTests.xctest; sourceTree = BUILT_PRODUCTS_DIR; };
		EA2840DE1D88159000BCE287 /* BikeStationFinderTests.swift */ = {isa = PBXFileReference; lastKnownFileType = sourcecode.swift; path = BikeStationFinderTests.swift; sourceTree = "<group>"; };
		EA2840E01D88159000BCE287 /* Info.plist */ = {isa = PBXFileReference; lastKnownFileType = text.plist.xml; path = Info.plist; sourceTree = "<group>"; };
		EA2840E51D88159000BCE287 /* FastBikeUITests.xctest */ = {isa = PBXFileReference; explicitFileType = wrapper.cfbundle; includeInIndex = 0; path = FastBikeUITests.xctest; sourceTree = BUILT_PRODUCTS_DIR; };
		EA2840E91D88159000BCE287 /* FastBikeUITests.swift */ = {isa = PBXFileReference; lastKnownFileType = sourcecode.swift; path = FastBikeUITests.swift; sourceTree = "<group>"; };
		EA2840EB1D88159000BCE287 /* Info.plist */ = {isa = PBXFileReference; lastKnownFileType = text.plist.xml; path = Info.plist; sourceTree = "<group>"; };
		EAC6A2F21D88255A0035A62A /* BikeStation.swift */ = {isa = PBXFileReference; fileEncoding = 4; lastKnownFileType = sourcecode.swift; path = BikeStation.swift; sourceTree = "<group>"; };
/* End PBXFileReference section */

/* Begin PBXFrameworksBuildPhase section */
		5DA09994C52514DDB58BC668 /* Frameworks */ = {
			isa = PBXFrameworksBuildPhase;
			buildActionMask = 2147483647;
			files = (
			);
			runOnlyForDeploymentPostprocessing = 0;
		};
		EA04C8481D88894000C98C41 /* Frameworks */ = {
			isa = PBXFrameworksBuildPhase;
			buildActionMask = 2147483647;
			files = (
				EA04C8651D88968600C98C41 /* MapKit.framework in Frameworks */,
			);
			runOnlyForDeploymentPostprocessing = 0;
		};
		EA2840C31D88159000BCE287 /* Frameworks */ = {
			isa = PBXFrameworksBuildPhase;
			buildActionMask = 2147483647;
			files = (
				EA04C82B1D8839FB00C98C41 /* MapKit.framework in Frameworks */,
			);
			runOnlyForDeploymentPostprocessing = 0;
		};
		EA2840D71D88159000BCE287 /* Frameworks */ = {
			isa = PBXFrameworksBuildPhase;
			buildActionMask = 2147483647;
			files = (
			);
			runOnlyForDeploymentPostprocessing = 0;
		};
		EA2840E21D88159000BCE287 /* Frameworks */ = {
			isa = PBXFrameworksBuildPhase;
			buildActionMask = 2147483647;
			files = (
			);
			runOnlyForDeploymentPostprocessing = 0;
		};
/* End PBXFrameworksBuildPhase section */

/* Begin PBXGroup section */
		8D9AAC3DA767BC4862B5ACE0 /* Frameworks */ = {
			isa = PBXGroup;
			children = (
				EA04C8641D88968600C98C41 /* MapKit.framework */,
				EA04C82A1D8839FB00C98C41 /* MapKit.framework */,
			);
			name = Frameworks;
			sourceTree = "<group>";
		};
		EA04C8401D88894000C98C41 /* FastBikeWatchOS */ = {
			isa = PBXGroup;
			children = (
				EA04C8411D88894000C98C41 /* Interface.storyboard */,
				EA04C8441D88894000C98C41 /* Assets.xcassets */,
				EA04C8461D88894000C98C41 /* Info.plist */,
			);
			path = FastBikeWatchOS;
			sourceTree = "<group>";
		};
		EA04C84F1D88894000C98C41 /* FastBikeWatchOS Extension */ = {
			isa = PBXGroup;
			children = (
				EA04C8501D88894000C98C41 /* InterfaceController.swift */,
				EA04C86A1D889C0A00C98C41 /* InterfaceController+CLManagerDelegate.swift */,
				EA04C8521D88894000C98C41 /* ExtensionDelegate.swift */,
				EA04C8541D88894000C98C41 /* ComplicationController.swift */,
				EA04C86C1D889C7400C98C41 /* AlertUtilities.swift */,
				EA04C8561D88894000C98C41 /* Assets.xcassets */,
				EA04C8581D88894000C98C41 /* Info.plist */,
			);
			path = "FastBikeWatchOS Extension";
			sourceTree = "<group>";
		};
		EA2840BD1D88159000BCE287 = {
			isa = PBXGroup;
			children = (
				EA2840C81D88159000BCE287 /* FastBike */,
				EA2840DD1D88159000BCE287 /* FastBikeTests */,
				EA2840E81D88159000BCE287 /* FastBikeUITests */,
				EA04C8401D88894000C98C41 /* FastBikeWatchOS */,
				EA04C84F1D88894000C98C41 /* FastBikeWatchOS Extension */,
				EA2840C71D88159000BCE287 /* Products */,
				8D9AAC3DA767BC4862B5ACE0 /* Frameworks */,
			);
			sourceTree = "<group>";
		};
		EA2840C71D88159000BCE287 /* Products */ = {
			isa = PBXGroup;
			children = (
				EA2840C61D88159000BCE287 /* FastBike.app */,
				EA2840DA1D88159000BCE287 /* FastBikeTests.xctest */,
				EA2840E51D88159000BCE287 /* FastBikeUITests.xctest */,
				EA04C83F1D88894000C98C41 /* FastBikeWatchOS.app */,
				EA04C84B1D88894000C98C41 /* FastBikeWatchOS Extension.appex */,
			);
			name = Products;
			sourceTree = "<group>";
		};
		EA2840C81D88159000BCE287 /* FastBike */ = {
			isa = PBXGroup;
			children = (
				EA2840CD1D88159000BCE287 /* Main.storyboard */,
				EA2840CB1D88159000BCE287 /* ViewController.swift */,
				EA04C82E1D88528600C98C41 /* ViewController+BikeStationService.swift */,
				EA04C8301D8852DC00C98C41 /* ViewController+CLLocationManagerDelegate.swift */,
				EAC6A2F21D88255A0035A62A /* BikeStation.swift */,
				EA04C82C1D884FB800C98C41 /* BikeStationFinder.swift */,
				EA04C8321D8853B700C98C41 /* AlertUtilities.swift */,
				EA04C8341D88559900C98C41 /* MapsUtilities.swift */,
				EA04C83B1D887BDC00C98C41 /* Analytics.swift */,
				EAC6A2F61D8825990035A62A /* Supporting Files */,
				EA2037B31D8943B70043DA05 /* ReportController.swift */,
			);
			path = FastBike;
			sourceTree = "<group>";
		};
		EA2840DD1D88159000BCE287 /* FastBikeTests */ = {
			isa = PBXGroup;
			children = (
				EA2840DE1D88159000BCE287 /* BikeStationFinderTests.swift */,
				EA2840E01D88159000BCE287 /* Info.plist */,
			);
			path = FastBikeTests;
			sourceTree = "<group>";
		};
		EA2840E81D88159000BCE287 /* FastBikeUITests */ = {
			isa = PBXGroup;
			children = (
				EA2840E91D88159000BCE287 /* FastBikeUITests.swift */,
				EA2840EB1D88159000BCE287 /* Info.plist */,
			);
			path = FastBikeUITests;
			sourceTree = "<group>";
		};
		EAC6A2F61D8825990035A62A /* Supporting Files */ = {
			isa = PBXGroup;
			children = (
				EA04C8391D8864AD00C98C41 /* GoogleService-Info.plist */,
				EA2840C91D88159000BCE287 /* AppDelegate.swift */,
				EA04C8361D8863BC00C98C41 /* FastBike-Bridging-Header.h */,
				EA2840D21D88159000BCE287 /* LaunchScreen.storyboard */,
				C554DDA71D887DAB00D75679 /* Assets.xcassets */,
				EA2840D51D88159000BCE287 /* Info.plist */,
			);
			name = "Supporting Files";
			sourceTree = "<group>";
		};
/* End PBXGroup section */

/* Begin PBXNativeTarget section */
		EA04C83E1D88894000C98C41 /* FastBikeWatchOS */ = {
			isa = PBXNativeTarget;
			buildConfigurationList = EA04C8621D88894000C98C41 /* Build configuration list for PBXNativeTarget "FastBikeWatchOS" */;
			buildPhases = (
				EA04C83D1D88894000C98C41 /* Resources */,
				EA04C8611D88894000C98C41 /* Embed App Extensions */,
				5DA09994C52514DDB58BC668 /* Frameworks */,
			);
			buildRules = (
			);
			dependencies = (
				EA04C84E1D88894000C98C41 /* PBXTargetDependency */,
			);
			name = FastBikeWatchOS;
			productName = FastBikeWatchOS;
			productReference = EA04C83F1D88894000C98C41 /* FastBikeWatchOS.app */;
			productType = "com.apple.product-type.application.watchapp2";
		};
		EA04C84A1D88894000C98C41 /* FastBikeWatchOS Extension */ = {
			isa = PBXNativeTarget;
			buildConfigurationList = EA04C8601D88894000C98C41 /* Build configuration list for PBXNativeTarget "FastBikeWatchOS Extension" */;
			buildPhases = (
				EA04C8471D88894000C98C41 /* Sources */,
				EA04C8481D88894000C98C41 /* Frameworks */,
				EA04C8491D88894000C98C41 /* Resources */,
			);
			buildRules = (
			);
			dependencies = (
			);
			name = "FastBikeWatchOS Extension";
			productName = "FastBikeWatchOS Extension";
			productReference = EA04C84B1D88894000C98C41 /* FastBikeWatchOS Extension.appex */;
			productType = "com.apple.product-type.watchkit2-extension";
		};
		EA2840C51D88159000BCE287 /* FastBike */ = {
			isa = PBXNativeTarget;
			buildConfigurationList = EA2840EE1D88159000BCE287 /* Build configuration list for PBXNativeTarget "FastBike" */;
			buildPhases = (
				EA2840C21D88159000BCE287 /* Sources */,
				EA2840C31D88159000BCE287 /* Frameworks */,
				EA2840C41D88159000BCE287 /* Resources */,
				EA04C8631D88894000C98C41 /* Embed Watch Content */,
			);
			buildRules = (
			);
			dependencies = (
				EA04C85A1D88894000C98C41 /* PBXTargetDependency */,
			);
			name = FastBike;
			productName = FastBike;
			productReference = EA2840C61D88159000BCE287 /* FastBike.app */;
			productType = "com.apple.product-type.application";
		};
		EA2840D91D88159000BCE287 /* FastBikeTests */ = {
			isa = PBXNativeTarget;
			buildConfigurationList = EA2840F11D88159000BCE287 /* Build configuration list for PBXNativeTarget "FastBikeTests" */;
			buildPhases = (
				EA2840D61D88159000BCE287 /* Sources */,
				EA2840D71D88159000BCE287 /* Frameworks */,
				EA2840D81D88159000BCE287 /* Resources */,
			);
			buildRules = (
			);
			dependencies = (
				EA2840DC1D88159000BCE287 /* PBXTargetDependency */,
			);
			name = FastBikeTests;
			productName = FastBikeTests;
			productReference = EA2840DA1D88159000BCE287 /* FastBikeTests.xctest */;
			productType = "com.apple.product-type.bundle.unit-test";
		};
		EA2840E41D88159000BCE287 /* FastBikeUITests */ = {
			isa = PBXNativeTarget;
			buildConfigurationList = EA2840F41D88159000BCE287 /* Build configuration list for PBXNativeTarget "FastBikeUITests" */;
			buildPhases = (
				EA2840E11D88159000BCE287 /* Sources */,
				EA2840E21D88159000BCE287 /* Frameworks */,
				EA2840E31D88159000BCE287 /* Resources */,
			);
			buildRules = (
			);
			dependencies = (
				EA2840E71D88159000BCE287 /* PBXTargetDependency */,
			);
			name = FastBikeUITests;
			productName = FastBikeUITests;
			productReference = EA2840E51D88159000BCE287 /* FastBikeUITests.xctest */;
			productType = "com.apple.product-type.bundle.ui-testing";
		};
/* End PBXNativeTarget section */

/* Begin PBXProject section */
		EA2840BE1D88159000BCE287 /* Project object */ = {
			isa = PBXProject;
			attributes = {
				LastSwiftUpdateCheck = 0800;
				LastUpgradeCheck = 0800;
				ORGANIZATIONNAME = tm;
				TargetAttributes = {
					EA04C83E1D88894000C98C41 = {
						CreatedOnToolsVersion = 8.0;
						DevelopmentTeam = 4C34FT6ABU;
						ProvisioningStyle = Automatic;
					};
					EA04C84A1D88894000C98C41 = {
						CreatedOnToolsVersion = 8.0;
						DevelopmentTeam = 4C34FT6ABU;
						LastSwiftMigration = 1010;
						ProvisioningStyle = Automatic;
						SystemCapabilities = {
							com.apple.Maps.iOS = {
								enabled = 1;
							};
						};
					};
					EA2840C51D88159000BCE287 = {
						CreatedOnToolsVersion = 8.0;
						DevelopmentTeam = 4C34FT6ABU;
						LastSwiftMigration = 1010;
						ProvisioningStyle = Automatic;
						SystemCapabilities = {
							com.apple.Maps.iOS = {
								enabled = 1;
							};
						};
					};
					EA2840D91D88159000BCE287 = {
						CreatedOnToolsVersion = 8.0;
						DevelopmentTeam = NX6S46A5Z4;
						LastSwiftMigration = 1010;
						ProvisioningStyle = Automatic;
						TestTargetID = EA2840C51D88159000BCE287;
					};
					EA2840E41D88159000BCE287 = {
						CreatedOnToolsVersion = 8.0;
						DevelopmentTeam = NX6S46A5Z4;
						LastSwiftMigration = 1010;
						ProvisioningStyle = Automatic;
						TestTargetID = EA2840C51D88159000BCE287;
					};
				};
			};
			buildConfigurationList = EA2840C11D88159000BCE287 /* Build configuration list for PBXProject "FastBike" */;
			compatibilityVersion = "Xcode 3.2";
			developmentRegion = English;
			hasScannedForEncodings = 0;
			knownRegions = (
				en,
				Base,
			);
			mainGroup = EA2840BD1D88159000BCE287;
			productRefGroup = EA2840C71D88159000BCE287 /* Products */;
			projectDirPath = "";
			projectRoot = "";
			targets = (
				EA2840C51D88159000BCE287 /* FastBike */,
				EA2840D91D88159000BCE287 /* FastBikeTests */,
				EA2840E41D88159000BCE287 /* FastBikeUITests */,
				EA04C83E1D88894000C98C41 /* FastBikeWatchOS */,
				EA04C84A1D88894000C98C41 /* FastBikeWatchOS Extension */,
			);
		};
/* End PBXProject section */

/* Begin PBXResourcesBuildPhase section */
		EA04C83D1D88894000C98C41 /* Resources */ = {
			isa = PBXResourcesBuildPhase;
			buildActionMask = 2147483647;
			files = (
				EA04C8451D88894000C98C41 /* Assets.xcassets in Resources */,
				EA04C8431D88894000C98C41 /* Interface.storyboard in Resources */,
			);
			runOnlyForDeploymentPostprocessing = 0;
		};
		EA04C8491D88894000C98C41 /* Resources */ = {
			isa = PBXResourcesBuildPhase;
			buildActionMask = 2147483647;
			files = (
				EA04C8571D88894000C98C41 /* Assets.xcassets in Resources */,
			);
			runOnlyForDeploymentPostprocessing = 0;
		};
		EA2840C41D88159000BCE287 /* Resources */ = {
			isa = PBXResourcesBuildPhase;
			buildActionMask = 2147483647;
			files = (
				EA2840D41D88159000BCE287 /* LaunchScreen.storyboard in Resources */,
				EA04C83A1D8864AD00C98C41 /* GoogleService-Info.plist in Resources */,
				C554DDA81D887DAB00D75679 /* Assets.xcassets in Resources */,
				EA2840CF1D88159000BCE287 /* Main.storyboard in Resources */,
			);
			runOnlyForDeploymentPostprocessing = 0;
		};
		EA2840D81D88159000BCE287 /* Resources */ = {
			isa = PBXResourcesBuildPhase;
			buildActionMask = 2147483647;
			files = (
			);
			runOnlyForDeploymentPostprocessing = 0;
		};
		EA2840E31D88159000BCE287 /* Resources */ = {
			isa = PBXResourcesBuildPhase;
			buildActionMask = 2147483647;
			files = (
			);
			runOnlyForDeploymentPostprocessing = 0;
		};
/* End PBXResourcesBuildPhase section */

/* Begin PBXSourcesBuildPhase section */
		EA04C8471D88894000C98C41 /* Sources */ = {
			isa = PBXSourcesBuildPhase;
			buildActionMask = 2147483647;
			files = (
				EA04C86B1D889C0A00C98C41 /* InterfaceController+CLManagerDelegate.swift in Sources */,
				EA04C8531D88894000C98C41 /* ExtensionDelegate.swift in Sources */,
				EA04C8681D889B6000C98C41 /* MapsUtilities.swift in Sources */,
				EA04C86D1D889C7400C98C41 /* AlertUtilities.swift in Sources */,
				EA04C8671D889B0200C98C41 /* BikeStationFinder.swift in Sources */,
				EA04C8661D889A1600C98C41 /* BikeStation.swift in Sources */,
				EA04C8511D88894000C98C41 /* InterfaceController.swift in Sources */,
				EA04C8551D88894000C98C41 /* ComplicationController.swift in Sources */,
			);
			runOnlyForDeploymentPostprocessing = 0;
		};
		EA2840C21D88159000BCE287 /* Sources */ = {
			isa = PBXSourcesBuildPhase;
			buildActionMask = 2147483647;
			files = (
				EA2840CC1D88159000BCE287 /* ViewController.swift in Sources */,
				EA04C8311D8852DC00C98C41 /* ViewController+CLLocationManagerDelegate.swift in Sources */,
				EA2840CA1D88159000BCE287 /* AppDelegate.swift in Sources */,
				EA04C8351D88559900C98C41 /* MapsUtilities.swift in Sources */,
				EA04C8331D8853B700C98C41 /* AlertUtilities.swift in Sources */,
				EA04C82F1D88528600C98C41 /* ViewController+BikeStationService.swift in Sources */,
				EAC6A2F31D88255A0035A62A /* BikeStation.swift in Sources */,
				EA04C82D1D884FB800C98C41 /* BikeStationFinder.swift in Sources */,
				EA04C83C1D887BDC00C98C41 /* Analytics.swift in Sources */,
				EA2037B41D8943B70043DA05 /* ReportController.swift in Sources */,
			);
			runOnlyForDeploymentPostprocessing = 0;
		};
		EA2840D61D88159000BCE287 /* Sources */ = {
			isa = PBXSourcesBuildPhase;
			buildActionMask = 2147483647;
			files = (
				95BA99001D8C6F73005905FB /* BikeStationFinderTests.swift in Sources */,
			);
			runOnlyForDeploymentPostprocessing = 0;
		};
		EA2840E11D88159000BCE287 /* Sources */ = {
			isa = PBXSourcesBuildPhase;
			buildActionMask = 2147483647;
			files = (
				EA2840EA1D88159000BCE287 /* FastBikeUITests.swift in Sources */,
			);
			runOnlyForDeploymentPostprocessing = 0;
		};
/* End PBXSourcesBuildPhase section */

/* Begin PBXTargetDependency section */
		EA04C84E1D88894000C98C41 /* PBXTargetDependency */ = {
			isa = PBXTargetDependency;
			target = EA04C84A1D88894000C98C41 /* FastBikeWatchOS Extension */;
			targetProxy = EA04C84D1D88894000C98C41 /* PBXContainerItemProxy */;
		};
		EA04C85A1D88894000C98C41 /* PBXTargetDependency */ = {
			isa = PBXTargetDependency;
			target = EA04C83E1D88894000C98C41 /* FastBikeWatchOS */;
			targetProxy = EA04C8591D88894000C98C41 /* PBXContainerItemProxy */;
		};
		EA2840DC1D88159000BCE287 /* PBXTargetDependency */ = {
			isa = PBXTargetDependency;
			target = EA2840C51D88159000BCE287 /* FastBike */;
			targetProxy = EA2840DB1D88159000BCE287 /* PBXContainerItemProxy */;
		};
		EA2840E71D88159000BCE287 /* PBXTargetDependency */ = {
			isa = PBXTargetDependency;
			target = EA2840C51D88159000BCE287 /* FastBike */;
			targetProxy = EA2840E61D88159000BCE287 /* PBXContainerItemProxy */;
		};
/* End PBXTargetDependency section */

/* Begin PBXVariantGroup section */
		EA04C8411D88894000C98C41 /* Interface.storyboard */ = {
			isa = PBXVariantGroup;
			children = (
				EA04C8421D88894000C98C41 /* Base */,
			);
			name = Interface.storyboard;
			sourceTree = "<group>";
		};
		EA2840CD1D88159000BCE287 /* Main.storyboard */ = {
			isa = PBXVariantGroup;
			children = (
				EA2840CE1D88159000BCE287 /* Base */,
			);
			name = Main.storyboard;
			sourceTree = "<group>";
		};
		EA2840D21D88159000BCE287 /* LaunchScreen.storyboard */ = {
			isa = PBXVariantGroup;
			children = (
				EA2840D31D88159000BCE287 /* Base */,
			);
			name = LaunchScreen.storyboard;
			sourceTree = "<group>";
		};
/* End PBXVariantGroup section */

/* Begin XCBuildConfiguration section */
		EA04C85C1D88894000C98C41 /* Debug */ = {
			isa = XCBuildConfiguration;
			buildSettings = {
				ALWAYS_EMBED_SWIFT_STANDARD_LIBRARIES = YES;
				ASSETCATALOG_COMPILER_APPICON_NAME = AppIcon;
				DEVELOPMENT_TEAM = 4C34FT6ABU;
				IBSC_MODULE = FastBikeWatchOS_Extension;
				INFOPLIST_FILE = FastBikeWatchOS/Info.plist;
				PRODUCT_BUNDLE_IDENTIFIER = com.tm.FastBike.app.watchkitapp;
				PRODUCT_NAME = "$(TARGET_NAME)";
				SDKROOT = watchos;
				SKIP_INSTALL = YES;
				SWIFT_VERSION = 3.0;
				TARGETED_DEVICE_FAMILY = 4;
				WATCHOS_DEPLOYMENT_TARGET = 3.0;
			};
			name = Debug;
		};
		EA04C85D1D88894000C98C41 /* Release */ = {
			isa = XCBuildConfiguration;
			buildSettings = {
				ALWAYS_EMBED_SWIFT_STANDARD_LIBRARIES = YES;
				ASSETCATALOG_COMPILER_APPICON_NAME = AppIcon;
				DEVELOPMENT_TEAM = 4C34FT6ABU;
				IBSC_MODULE = FastBikeWatchOS_Extension;
				INFOPLIST_FILE = FastBikeWatchOS/Info.plist;
				PRODUCT_BUNDLE_IDENTIFIER = com.tm.FastBike.app.watchkitapp;
				PRODUCT_NAME = "$(TARGET_NAME)";
				SDKROOT = watchos;
				SKIP_INSTALL = YES;
				SWIFT_VERSION = 3.0;
				TARGETED_DEVICE_FAMILY = 4;
				WATCHOS_DEPLOYMENT_TARGET = 3.0;
			};
			name = Release;
		};
		EA04C85E1D88894000C98C41 /* Debug */ = {
			isa = XCBuildConfiguration;
			buildSettings = {
				ASSETCATALOG_COMPILER_COMPLICATION_NAME = Complication;
				DEVELOPMENT_TEAM = 4C34FT6ABU;
				INFOPLIST_FILE = "FastBikeWatchOS Extension/Info.plist";
				LD_RUNPATH_SEARCH_PATHS = "$(inherited) @executable_path/Frameworks @executable_path/../../Frameworks";
				PRODUCT_BUNDLE_IDENTIFIER = com.tm.FastBike.app.watchkitapp.watchkitextension;
				PRODUCT_NAME = "${TARGET_NAME}";
				SDKROOT = watchos;
				SKIP_INSTALL = YES;
				SWIFT_SWIFT3_OBJC_INFERENCE = On;
				SWIFT_VERSION = 4.2;
				TARGETED_DEVICE_FAMILY = 4;
				WATCHOS_DEPLOYMENT_TARGET = 3.0;
			};
			name = Debug;
		};
		EA04C85F1D88894000C98C41 /* Release */ = {
			isa = XCBuildConfiguration;
			buildSettings = {
				ASSETCATALOG_COMPILER_COMPLICATION_NAME = Complication;
				DEVELOPMENT_TEAM = 4C34FT6ABU;
				INFOPLIST_FILE = "FastBikeWatchOS Extension/Info.plist";
				LD_RUNPATH_SEARCH_PATHS = "$(inherited) @executable_path/Frameworks @executable_path/../../Frameworks";
				PRODUCT_BUNDLE_IDENTIFIER = com.tm.FastBike.app.watchkitapp.watchkitextension;
				PRODUCT_NAME = "${TARGET_NAME}";
				SDKROOT = watchos;
				SKIP_INSTALL = YES;
				SWIFT_SWIFT3_OBJC_INFERENCE = On;
				SWIFT_VERSION = 4.2;
				TARGETED_DEVICE_FAMILY = 4;
				WATCHOS_DEPLOYMENT_TARGET = 3.0;
			};
			name = Release;
		};
		EA2840EC1D88159000BCE287 /* Debug */ = {
			isa = XCBuildConfiguration;
			buildSettings = {
				ALWAYS_SEARCH_USER_PATHS = NO;
				CLANG_ANALYZER_NONNULL = YES;
				CLANG_CXX_LANGUAGE_STANDARD = "gnu++0x";
				CLANG_CXX_LIBRARY = "libc++";
				CLANG_ENABLE_MODULES = YES;
				CLANG_ENABLE_OBJC_ARC = YES;
				CLANG_WARN_BOOL_CONVERSION = YES;
				CLANG_WARN_CONSTANT_CONVERSION = YES;
				CLANG_WARN_DIRECT_OBJC_ISA_USAGE = YES_ERROR;
				CLANG_WARN_DOCUMENTATION_COMMENTS = YES;
				CLANG_WARN_EMPTY_BODY = YES;
				CLANG_WARN_ENUM_CONVERSION = YES;
				CLANG_WARN_INFINITE_RECURSION = YES;
				CLANG_WARN_INT_CONVERSION = YES;
				CLANG_WARN_OBJC_ROOT_CLASS = YES_ERROR;
				CLANG_WARN_SUSPICIOUS_MOVE = YES;
				CLANG_WARN_SUSPICIOUS_MOVES = YES;
				CLANG_WARN_UNREACHABLE_CODE = YES;
				CLANG_WARN__DUPLICATE_METHOD_MATCH = YES;
				"CODE_SIGN_IDENTITY[sdk=iphoneos*]" = "iPhone Developer";
				COPY_PHASE_STRIP = NO;
				DEBUG_INFORMATION_FORMAT = dwarf;
				ENABLE_STRICT_OBJC_MSGSEND = YES;
				ENABLE_TESTABILITY = YES;
				GCC_C_LANGUAGE_STANDARD = gnu99;
				GCC_DYNAMIC_NO_PIC = NO;
				GCC_NO_COMMON_BLOCKS = YES;
				GCC_OPTIMIZATION_LEVEL = 0;
				GCC_PREPROCESSOR_DEFINITIONS = (
					"DEBUG=1",
					"$(inherited)",
				);
				GCC_WARN_64_TO_32_BIT_CONVERSION = YES;
				GCC_WARN_ABOUT_RETURN_TYPE = YES_ERROR;
				GCC_WARN_UNDECLARED_SELECTOR = YES;
				GCC_WARN_UNINITIALIZED_AUTOS = YES_AGGRESSIVE;
				GCC_WARN_UNUSED_FUNCTION = YES;
				GCC_WARN_UNUSED_VARIABLE = YES;
				IPHONEOS_DEPLOYMENT_TARGET = 9.0;
				MTL_ENABLE_DEBUG_INFO = YES;
				ONLY_ACTIVE_ARCH = YES;
				SDKROOT = iphoneos;
				SWIFT_ACTIVE_COMPILATION_CONDITIONS = DEBUG;
				SWIFT_OPTIMIZATION_LEVEL = "-Onone";
				TARGETED_DEVICE_FAMILY = "1,2";
			};
			name = Debug;
		};
		EA2840ED1D88159000BCE287 /* Release */ = {
			isa = XCBuildConfiguration;
			buildSettings = {
				ALWAYS_SEARCH_USER_PATHS = NO;
				CLANG_ANALYZER_NONNULL = YES;
				CLANG_CXX_LANGUAGE_STANDARD = "gnu++0x";
				CLANG_CXX_LIBRARY = "libc++";
				CLANG_ENABLE_MODULES = YES;
				CLANG_ENABLE_OBJC_ARC = YES;
				CLANG_WARN_BOOL_CONVERSION = YES;
				CLANG_WARN_CONSTANT_CONVERSION = YES;
				CLANG_WARN_DIRECT_OBJC_ISA_USAGE = YES_ERROR;
				CLANG_WARN_DOCUMENTATION_COMMENTS = YES;
				CLANG_WARN_EMPTY_BODY = YES;
				CLANG_WARN_ENUM_CONVERSION = YES;
				CLANG_WARN_INFINITE_RECURSION = YES;
				CLANG_WARN_INT_CONVERSION = YES;
				CLANG_WARN_OBJC_ROOT_CLASS = YES_ERROR;
				CLANG_WARN_SUSPICIOUS_MOVE = YES;
				CLANG_WARN_SUSPICIOUS_MOVES = YES;
				CLANG_WARN_UNREACHABLE_CODE = YES;
				CLANG_WARN__DUPLICATE_METHOD_MATCH = YES;
				"CODE_SIGN_IDENTITY[sdk=iphoneos*]" = "iPhone Developer";
				COPY_PHASE_STRIP = NO;
				DEBUG_INFORMATION_FORMAT = "dwarf-with-dsym";
				ENABLE_NS_ASSERTIONS = NO;
				ENABLE_STRICT_OBJC_MSGSEND = YES;
				GCC_C_LANGUAGE_STANDARD = gnu99;
				GCC_NO_COMMON_BLOCKS = YES;
				GCC_WARN_64_TO_32_BIT_CONVERSION = YES;
				GCC_WARN_ABOUT_RETURN_TYPE = YES_ERROR;
				GCC_WARN_UNDECLARED_SELECTOR = YES;
				GCC_WARN_UNINITIALIZED_AUTOS = YES_AGGRESSIVE;
				GCC_WARN_UNUSED_FUNCTION = YES;
				GCC_WARN_UNUSED_VARIABLE = YES;
				IPHONEOS_DEPLOYMENT_TARGET = 9.0;
				MTL_ENABLE_DEBUG_INFO = NO;
				SDKROOT = iphoneos;
				SWIFT_OPTIMIZATION_LEVEL = "-Owholemodule";
				TARGETED_DEVICE_FAMILY = "1,2";
				VALIDATE_PRODUCT = YES;
			};
			name = Release;
		};
		EA2840EF1D88159000BCE287 /* Debug */ = {
			isa = XCBuildConfiguration;
			buildSettings = {
				ALWAYS_EMBED_SWIFT_STANDARD_LIBRARIES = YES;
				ASSETCATALOG_COMPILER_APPICON_NAME = AppIcon;
				CLANG_ENABLE_MODULES = YES;
				DEVELOPMENT_TEAM = 4C34FT6ABU;
				INFOPLIST_FILE = FastBike/Info.plist;
				LD_RUNPATH_SEARCH_PATHS = "$(inherited) @executable_path/Frameworks";
				PRODUCT_BUNDLE_IDENTIFIER = com.tm.FastBike.app;
				PRODUCT_NAME = "$(TARGET_NAME)";
				SWIFT_OBJC_BRIDGING_HEADER = "FastBike/FastBike-Bridging-Header.h";
				SWIFT_OPTIMIZATION_LEVEL = "-Onone";
				SWIFT_SWIFT3_OBJC_INFERENCE = On;
				SWIFT_VERSION = 4.2;
			};
			name = Debug;
		};
		EA2840F01D88159000BCE287 /* Release */ = {
			isa = XCBuildConfiguration;
			buildSettings = {
				ALWAYS_EMBED_SWIFT_STANDARD_LIBRARIES = YES;
				ASSETCATALOG_COMPILER_APPICON_NAME = AppIcon;
				CLANG_ENABLE_MODULES = YES;
				DEVELOPMENT_TEAM = 4C34FT6ABU;
				INFOPLIST_FILE = FastBike/Info.plist;
				LD_RUNPATH_SEARCH_PATHS = "$(inherited) @executable_path/Frameworks";
				PRODUCT_BUNDLE_IDENTIFIER = com.tm.FastBike.app;
				PRODUCT_NAME = "$(TARGET_NAME)";
				SWIFT_OBJC_BRIDGING_HEADER = "FastBike/FastBike-Bridging-Header.h";
				SWIFT_SWIFT3_OBJC_INFERENCE = On;
				SWIFT_VERSION = 4.2;
			};
			name = Release;
		};
		EA2840F21D88159000BCE287 /* Debug */ = {
			isa = XCBuildConfiguration;
			buildSettings = {
				ALWAYS_EMBED_SWIFT_STANDARD_LIBRARIES = YES;
				BUNDLE_LOADER = "$(TEST_HOST)";
				DEVELOPMENT_TEAM = NX6S46A5Z4;
				INFOPLIST_FILE = FastBikeTests/Info.plist;
				LD_RUNPATH_SEARCH_PATHS = "$(inherited) @executable_path/Frameworks @loader_path/Frameworks";
				PRODUCT_BUNDLE_IDENTIFIER = com.tm.FastBikeTests;
				PRODUCT_NAME = "$(TARGET_NAME)";
				SWIFT_OBJC_BRIDGING_HEADER = "FastBike/FastBike-Bridging-Header.h";
				SWIFT_SWIFT3_OBJC_INFERENCE = On;
				SWIFT_VERSION = 4.2;
				TEST_HOST = "$(BUILT_PRODUCTS_DIR)/FastBike.app/FastBike";
			};
			name = Debug;
		};
		EA2840F31D88159000BCE287 /* Release */ = {
			isa = XCBuildConfiguration;
			buildSettings = {
				ALWAYS_EMBED_SWIFT_STANDARD_LIBRARIES = YES;
				BUNDLE_LOADER = "$(TEST_HOST)";
				DEVELOPMENT_TEAM = NX6S46A5Z4;
				INFOPLIST_FILE = FastBikeTests/Info.plist;
				LD_RUNPATH_SEARCH_PATHS = "$(inherited) @executable_path/Frameworks @loader_path/Frameworks";
				PRODUCT_BUNDLE_IDENTIFIER = com.tm.FastBikeTests;
				PRODUCT_NAME = "$(TARGET_NAME)";
				SWIFT_OBJC_BRIDGING_HEADER = "FastBike/FastBike-Bridging-Header.h";
				SWIFT_SWIFT3_OBJC_INFERENCE = On;
				SWIFT_VERSION = 4.2;
				TEST_HOST = "$(BUILT_PRODUCTS_DIR)/FastBike.app/FastBike";
			};
			name = Release;
		};
		EA2840F51D88159000BCE287 /* Debug */ = {
			isa = XCBuildConfiguration;
			buildSettings = {
				ALWAYS_EMBED_SWIFT_STANDARD_LIBRARIES = YES;
				DEVELOPMENT_TEAM = NX6S46A5Z4;
				INFOPLIST_FILE = FastBikeUITests/Info.plist;
				LD_RUNPATH_SEARCH_PATHS = "$(inherited) @executable_path/Frameworks @loader_path/Frameworks";
				PRODUCT_BUNDLE_IDENTIFIER = com.tm.FastBikeUITests;
				PRODUCT_NAME = "$(TARGET_NAME)";
				SWIFT_SWIFT3_OBJC_INFERENCE = On;
				SWIFT_VERSION = 4.2;
				TEST_TARGET_NAME = FastBike;
			};
			name = Debug;
		};
		EA2840F61D88159000BCE287 /* Release */ = {
			isa = XCBuildConfiguration;
			buildSettings = {
				ALWAYS_EMBED_SWIFT_STANDARD_LIBRARIES = YES;
				DEVELOPMENT_TEAM = NX6S46A5Z4;
				INFOPLIST_FILE = FastBikeUITests/Info.plist;
				LD_RUNPATH_SEARCH_PATHS = "$(inherited) @executable_path/Frameworks @loader_path/Frameworks";
				PRODUCT_BUNDLE_IDENTIFIER = com.tm.FastBikeUITests;
				PRODUCT_NAME = "$(TARGET_NAME)";
				SWIFT_SWIFT3_OBJC_INFERENCE = On;
				SWIFT_VERSION = 4.2;
				TEST_TARGET_NAME = FastBike;
			};
			name = Release;
		};
/* End XCBuildConfiguration section */

/* Begin XCConfigurationList section */
		EA04C8601D88894000C98C41 /* Build configuration list for PBXNativeTarget "FastBikeWatchOS Extension" */ = {
			isa = XCConfigurationList;
			buildConfigurations = (
				EA04C85E1D88894000C98C41 /* Debug */,
				EA04C85F1D88894000C98C41 /* Release */,
			);
			defaultConfigurationIsVisible = 0;
			defaultConfigurationName = Release;
		};
		EA04C8621D88894000C98C41 /* Build configuration list for PBXNativeTarget "FastBikeWatchOS" */ = {
			isa = XCConfigurationList;
			buildConfigurations = (
				EA04C85C1D88894000C98C41 /* Debug */,
				EA04C85D1D88894000C98C41 /* Release */,
			);
			defaultConfigurationIsVisible = 0;
			defaultConfigurationName = Release;
		};
		EA2840C11D88159000BCE287 /* Build configuration list for PBXProject "FastBike" */ = {
			isa = XCConfigurationList;
			buildConfigurations = (
				EA2840EC1D88159000BCE287 /* Debug */,
				EA2840ED1D88159000BCE287 /* Release */,
			);
			defaultConfigurationIsVisible = 0;
			defaultConfigurationName = Release;
		};
		EA2840EE1D88159000BCE287 /* Build configuration list for PBXNativeTarget "FastBike" */ = {
			isa = XCConfigurationList;
			buildConfigurations = (
				EA2840EF1D88159000BCE287 /* Debug */,
				EA2840F01D88159000BCE287 /* Release */,
			);
			defaultConfigurationIsVisible = 0;
			defaultConfigurationName = Release;
		};
		EA2840F11D88159000BCE287 /* Build configuration list for PBXNativeTarget "FastBikeTests" */ = {
			isa = XCConfigurationList;
			buildConfigurations = (
				EA2840F21D88159000BCE287 /* Debug */,
				EA2840F31D88159000BCE287 /* Release */,
			);
			defaultConfigurationIsVisible = 0;
			defaultConfigurationName = Release;
		};
		EA2840F41D88159000BCE287 /* Build configuration list for PBXNativeTarget "FastBikeUITests" */ = {
			isa = XCConfigurationList;
			buildConfigurations = (
				EA2840F51D88159000BCE287 /* Debug */,
				EA2840F61D88159000BCE287 /* Release */,
			);
			defaultConfigurationIsVisible = 0;
			defaultConfigurationName = Release;
		};
/* End XCConfigurationList section */
	};
	rootObject = EA2840BE1D88159000BCE287 /* Project object */;
}
